// !$*UTF8*$!
{
	archiveVersion = 1;
	classes = {
	};
	objectVersion = 48;
	objects = {

/* Begin PBXBuildFile section */
		42C571BB1F7214ED008ABE7B /* AppDelegate.swift in Sources */ = {isa = PBXBuildFile; fileRef = 42C571BA1F7214ED008ABE7B /* AppDelegate.swift */; };
		42C571BD1F7214ED008ABE7B /* ViewController.swift in Sources */ = {isa = PBXBuildFile; fileRef = 42C571BC1F7214ED008ABE7B /* ViewController.swift */; };
		42C571C01F7214ED008ABE7B /* Main.storyboard in Resources */ = {isa = PBXBuildFile; fileRef = 42C571BE1F7214ED008ABE7B /* Main.storyboard */; };
		42C571C31F7214ED008ABE7B /* Light_App.xcdatamodeld in Sources */ = {isa = PBXBuildFile; fileRef = 42C571C11F7214ED008ABE7B /* Light_App.xcdatamodeld */; };
		42C571C51F7214ED008ABE7B /* Assets.xcassets in Resources */ = {isa = PBXBuildFile; fileRef = 42C571C41F7214ED008ABE7B /* Assets.xcassets */; };
		42C571C81F7214ED008ABE7B /* LaunchScreen.storyboard in Resources */ = {isa = PBXBuildFile; fileRef = 42C571C61F7214ED008ABE7B /* LaunchScreen.storyboard */; };
/* End PBXBuildFile section */

/* Begin PBXFileReference section */
		42C571B71F7214ED008ABE7B /* Light App.app */ = {isa = PBXFileReference; explicitFileType = wrapper.application; includeInIndex = 0; path = "Light App.app"; sourceTree = BUILT_PRODUCTS_DIR; };
		42C571BA1F7214ED008ABE7B /* AppDelegate.swift */ = {isa = PBXFileReference; lastKnownFileType = sourcecode.swift; path = AppDelegate.swift; sourceTree = "<group>"; };
		42C571BC1F7214ED008ABE7B /* ViewController.swift */ = {isa = PBXFileReference; lastKnownFileType = sourcecode.swift; path = ViewController.swift; sourceTree = "<group>"; };
		42C571BF1F7214ED008ABE7B /* Base */ = {isa = PBXFileReference; lastKnownFileType = file.storyboard; name = Base; path = Base.lproj/Main.storyboard; sourceTree = "<group>"; };
		42C571C21F7214ED008ABE7B /* Light_App.xcdatamodel */ = {isa = PBXFileReference; lastKnownFileType = wrapper.xcdatamodel; path = Light_App.xcdatamodel; sourceTree = "<group>"; };
		42C571C41F7214ED008ABE7B /* Assets.xcassets */ = {isa = PBXFileReference; lastKnownFileType = folder.assetcatalog; path = Assets.xcassets; sourceTree = "<group>"; };
		42C571C71F7214ED008ABE7B /* Base */ = {isa = PBXFileReference; lastKnownFileType = file.storyboard; name = Base; path = Base.lproj/LaunchScreen.storyboard; sourceTree = "<group>"; };
		42C571C91F7214ED008ABE7B /* Info.plist */ = {isa = PBXFileReference; lastKnownFileType = text.plist.xml; path = Info.plist; sourceTree = "<group>"; };
/* End PBXFileReference section */

/* Begin PBXFrameworksBuildPhase section */
		42C571B41F7214ED008ABE7B /* Frameworks */ = {
			isa = PBXFrameworksBuildPhase;
			buildActionMask = 2147483647;
			files = (
			);
			runOnlyForDeploymentPostprocessing = 0;
		};
/* End PBXFrameworksBuildPhase section */

/* Begin PBXGroup section */
		42C571AE1F7214ED008ABE7B = {
			isa = PBXGroup;
			children = (
				42C571B91F7214ED008ABE7B /* Light App */,
				42C571B81F7214ED008ABE7B /* Products */,
			);
			sourceTree = "<group>";
		};
		42C571B81F7214ED008ABE7B /* Products */ = {
			isa = PBXGroup;
			children = (
				42C571B71F7214ED008ABE7B /* Light App.app */,
			);
			name = Products;
			sourceTree = "<group>";
		};
		42C571B91F7214ED008ABE7B /* Light App */ = {
			isa = PBXGroup;
			children = (
				42C571BA1F7214ED008ABE7B /* AppDelegate.swift */,
				42C571BC1F7214ED008ABE7B /* ViewController.swift */,
				42C571BE1F7214ED008ABE7B /* Main.storyboard */,
				42C571C41F7214ED008ABE7B /* Assets.xcassets */,
				42C571C61F7214ED008ABE7B /* LaunchScreen.storyboard */,
				42C571C91F7214ED008ABE7B /* Info.plist */,
				42C571C11F7214ED008ABE7B /* Light_App.xcdatamodeld */,
			);
			path = "Light App";
			sourceTree = "<group>";
		};
/* End PBXGroup section */

/* Begin PBXNativeTarget section */
		42C571B61F7214ED008ABE7B /* Light App */ = {
			isa = PBXNativeTarget;
			buildConfigurationList = 42C571CC1F7214ED008ABE7B /* Build configuration list for PBXNativeTarget "Light App" */;
			buildPhases = (
				42C571B31F7214ED008ABE7B /* Sources */,
				42C571B41F7214ED008ABE7B /* Frameworks */,
				42C571B51F7214ED008ABE7B /* Resources */,
			);
			buildRules = (
			);
			dependencies = (
			);
			name = "Light App";
			productName = "Light App";
			productReference = 42C571B71F7214ED008ABE7B /* Light App.app */;
			productType = "com.apple.product-type.application";
		};
/* End PBXNativeTarget section */

/* Begin PBXProject section */
		42C571AF1F7214ED008ABE7B /* Project object */ = {
			isa = PBXProject;
			attributes = {
				LastSwiftUpdateCheck = 0900;
				LastUpgradeCheck = 0900;
				ORGANIZATIONNAME = "Joshua Dance";
				TargetAttributes = {
					42C571B61F7214ED008ABE7B = {
						CreatedOnToolsVersion = 9.0;
						ProvisioningStyle = Automatic;
					};
				};
			};
			buildConfigurationList = 42C571B21F7214ED008ABE7B /* Build configuration list for PBXProject "Light App" */;
			compatibilityVersion = "Xcode 8.0";
			developmentRegion = en;
			hasScannedForEncodings = 0;
			knownRegions = (
				en,
				Base,
			);
			mainGroup = 42C571AE1F7214ED008ABE7B;
			productRefGroup = 42C571B81F7214ED008ABE7B /* Products */;
			projectDirPath = "";
			projectRoot = "";
			targets = (
				42C571B61F7214ED008ABE7B /* Light App */,
			);
		};
/* End PBXProject section */

/* Begin PBXResourcesBuildPhase section */
		42C571B51F7214ED008ABE7B /* Resources */ = {
			isa = PBXResourcesBuildPhase;
			buildActionMask = 2147483647;
			files = (
				42C571C81F7214ED008ABE7B /* LaunchScreen.storyboard in Resources */,
				42C571C51F7214ED008ABE7B /* Assets.xcassets in Resources */,
				42C571C01F7214ED008ABE7B /* Main.storyboard in Resources */,
			);
			runOnlyForDeploymentPostprocessing = 0;
		};
/* End PBXResourcesBuildPhase section */

/* Begin PBXSourcesBuildPhase section */
		42C571B31F7214ED008ABE7B /* Sources */ = {
			isa = PBXSourcesBuildPhase;
			buildActionMask = 2147483647;
			files = (
				42C571BD1F7214ED008ABE7B /* ViewController.swift in Sources */,
				42C571C31F7214ED008ABE7B /* Light_App.xcdatamodeld in Sources */,
				42C571BB1F7214ED008ABE7B /* AppDelegate.swift in Sources */,
			);
			runOnlyForDeploymentPostprocessing = 0;
		};
/* End PBXSourcesBuildPhase section */

/* Begin PBXVariantGroup section */
		42C571BE1F7214ED008ABE7B /* Main.storyboard */ = {
			isa = PBXVariantGroup;
			children = (
				42C571BF1F7214ED008ABE7B /* Base */,
			);
			name = Main.storyboard;
			sourceTree = "<group>";
		};
		42C571C61F7214ED008ABE7B /* LaunchScreen.storyboard */ = {
			isa = PBXVariantGroup;
			children = (
				42C571C71F7214ED008ABE7B /* Base */,
			);
			name = LaunchScreen.storyboard;
			sourceTree = "<group>";
		};
/* End PBXVariantGroup section */

/* Begin XCBuildConfiguration section */
		42C571CA1F7214ED008ABE7B /* Debug */ = {
			isa = XCBuildConfiguration;
			buildSettings = {
				ALWAYS_SEARCH_USER_PATHS = NO;
				CLANG_ANALYZER_NONNULL = YES;
				CLANG_ANALYZER_NUMBER_OBJECT_CONVERSION = YES_AGGRESSIVE;
				CLANG_CXX_LANGUAGE_STANDARD = "gnu++14";
				CLANG_CXX_LIBRARY = "libc++";
				CLANG_ENABLE_MODULES = YES;
				CLANG_ENABLE_OBJC_ARC = YES;
				CLANG_WARN_BLOCK_CAPTURE_AUTORELEASING = YES;
				CLANG_WARN_BOOL_CONVERSION = YES;
				CLANG_WARN_COMMA = YES;
				CLANG_WARN_CONSTANT_CONVERSION = YES;
				CLANG_WARN_DIRECT_OBJC_ISA_USAGE = YES_ERROR;
				CLANG_WARN_DOCUMENTATION_COMMENTS = YES;
				CLANG_WARN_EMPTY_BODY = YES;
				CLANG_WARN_ENUM_CONVERSION = YES;
				CLANG_WARN_INFINITE_RECURSION = YES;
				CLANG_WARN_INT_CONVERSION = YES;
				CLANG_WARN_NON_LITERAL_NULL_CONVERSION = YES;
				CLANG_WARN_OBJC_LITERAL_CONVERSION = YES;
				CLANG_WARN_OBJC_ROOT_CLASS = YES_ERROR;
				CLANG_WARN_RANGE_LOOP_ANALYSIS = YES;
				CLANG_WARN_STRICT_PROTOTYPES = YES;
				CLANG_WARN_SUSPICIOUS_MOVE = YES;
				CLANG_WARN_UNGUARDED_AVAILABILITY = YES_AGGRESSIVE;
				CLANG_WARN_UNREACHABLE_CODE = YES;
				CLANG_WARN__DUPLICATE_METHOD_MATCH = YES;
				CODE_SIGN_IDENTITY = "iPhone Developer";
				COPY_PHASE_STRIP = NO;
				DEBUG_INFORMATION_FORMAT = dwarf;
				ENABLE_STRICT_OBJC_MSGSEND = YES;
				ENABLE_TESTABILITY = YES;
				GCC_C_LANGUAGE_STANDARD = gnu11;
				GCC_DYNAMIC_NO_PIC = NO;
				GCC_NO_COMMON_BLOCKS = YES;
				GCC_OPTIMIZATION_LEVEL = 0;
				GCC_PREPROCESSOR_DEFINITIONS = (
					"DEBUG=1",
					"$(inherited)",
				);
				GCC_WARN_64_TO_32_BIT_CONVERSION = YES;
				GCC_WARN_ABOUT_RETURN_TYPE = YES_ERROR;
				GCC_WARN_UNDECLARED_SELECTOR = YES;
				GCC_WARN_UNINITIALIZED_AUTOS = YES_AGGRESSIVE;
				GCC_WARN_UNUSED_FUNCTION = YES;
				GCC_WARN_UNUSED_VARIABLE = YES;
				IPHONEOS_DEPLOYMENT_TARGET = 11.0;
				MTL_ENABLE_DEBUG_INFO = YES;
				ONLY_ACTIVE_ARCH = YES;
				SDKROOT = iphoneos;
				SWIFT_ACTIVE_COMPILATION_CONDITIONS = DEBUG;
				SWIFT_OPTIMIZATION_LEVEL = "-Onone";
			};
			name = Debug;
		};
		42C571CB1F7214ED008ABE7B /* Release */ = {
			isa = XCBuildConfiguration;
			buildSettings = {
				ALWAYS_SEARCH_USER_PATHS = NO;
				CLANG_ANALYZER_NONNULL = YES;
				CLANG_ANALYZER_NUMBER_OBJECT_CONVERSION = YES_AGGRESSIVE;
				CLANG_CXX_LANGUAGE_STANDARD = "gnu++14";
				CLANG_CXX_LIBRARY = "libc++";
				CLANG_ENABLE_MODULES = YES;
				CLANG_ENABLE_OBJC_ARC = YES;
				CLANG_WARN_BLOCK_CAPTURE_AUTORELEASING = YES;
				CLANG_WARN_BOOL_CONVERSION = YES;
				CLANG_WARN_COMMA = YES;
				CLANG_WARN_CONSTANT_CONVERSION = YES;
				CLANG_WARN_DIRECT_OBJC_ISA_USAGE = YES_ERROR;
				CLANG_WARN_DOCUMENTATION_COMMENTS = YES;
				CLANG_WARN_EMPTY_BODY = YES;
				CLANG_WARN_ENUM_CONVERSION = YES;
				CLANG_WARN_INFINITE_RECURSION = YES;
				CLANG_WARN_INT_CONVERSION = YES;
				CLANG_WARN_NON_LITERAL_NULL_CONVERSION = YES;
				CLANG_WARN_OBJC_LITERAL_CONVERSION = YES;
				CLANG_WARN_OBJC_ROOT_CLASS = YES_ERROR;
				CLANG_WARN_RANGE_LOOP_ANALYSIS = YES;
				CLANG_WARN_STRICT_PROTOTYPES = YES;
				CLANG_WARN_SUSPICIOUS_MOVE = YES;
				CLANG_WARN_UNGUARDED_AVAILABILITY = YES_AGGRESSIVE;
				CLANG_WARN_UNREACHABLE_CODE = YES;
				CLANG_WARN__DUPLICATE_METHOD_MATCH = YES;
				CODE_SIGN_IDENTITY = "iPhone Developer";
				COPY_PHASE_STRIP = NO;
				DEBUG_INFORMATION_FORMAT = "dwarf-with-dsym";
				ENABLE_NS_ASSERTIONS = NO;
				ENABLE_STRICT_OBJC_MSGSEND = YES;
				GCC_C_LANGUAGE_STANDARD = gnu11;
				GCC_NO_COMMON_BLOCKS = YES;
				GCC_WARN_64_TO_32_BIT_CONVERSION = YES;
				GCC_WARN_ABOUT_RETURN_TYPE = YES_ERROR;
				GCC_WARN_UNDECLARED_SELECTOR = YES;
				GCC_WARN_UNINITIALIZED_AUTOS = YES_AGGRESSIVE;
				GCC_WARN_UNUSED_FUNCTION = YES;
				GCC_WARN_UNUSED_VARIABLE = YES;
				IPHONEOS_DEPLOYMENT_TARGET = 11.0;
				MTL_ENABLE_DEBUG_INFO = NO;
				SDKROOT = iphoneos;
				SWIFT_OPTIMIZATION_LEVEL = "-Owholemodule";
				VALIDATE_PRODUCT = YES;
			};
			name = Release;
		};
		42C571CD1F7214ED008ABE7B /* Debug */ = {
			isa = XCBuildConfiguration;
			buildSettings = {
				ASSETCATALOG_COMPILER_APPICON_NAME = AppIcon;
				CODE_SIGN_STYLE = Automatic;
				INFOPLIST_FILE = "Light App/Info.plist";
				LD_RUNPATH_SEARCH_PATHS = "$(inherited) @executable_path/Frameworks";
				PRODUCT_BUNDLE_IDENTIFIER = "wild.Light-App";
				PRODUCT_NAME = "$(TARGET_NAME)";
				SWIFT_VERSION = 4.0;
				TARGETED_DEVICE_FAMILY = "1,2";
			};
			name = Debug;
		};
		42C571CE1F7214ED008ABE7B /* Release */ = {
			isa = XCBuildConfiguration;
			buildSettings = {
				ASSETCATALOG_COMPILER_APPICON_NAME = AppIcon;
				CODE_SIGN_STYLE = Automatic;
				INFOPLIST_FILE = "Light App/Info.plist";
				LD_RUNPATH_SEARCH_PATHS = "$(inherited) @executable_path/Frameworks";
				PRODUCT_BUNDLE_IDENTIFIER = "wild.Light-App";
				PRODUCT_NAME = "$(TARGET_NAME)";
				SWIFT_VERSION = 4.0;
				TARGETED_DEVICE_FAMILY = "1,2";
			};
			name = Release;
		};
/* End XCBuildConfiguration section */

/* Begin XCConfigurationList section */
		42C571B21F7214ED008ABE7B /* Build configuration list for PBXProject "Light App" */ = {
			isa = XCConfigurationList;
			buildConfigurations = (
				42C571CA1F7214ED008ABE7B /* Debug */,
				42C571CB1F7214ED008ABE7B /* Release */,
			);
			defaultConfigurationIsVisible = 0;
			defaultConfigurationName = Release;
		};
		42C571CC1F7214ED008ABE7B /* Build configuration list for PBXNativeTarget "Light App" */ = {
			isa = XCConfigurationList;
			buildConfigurations = (
				42C571CD1F7214ED008ABE7B /* Debug */,
				42C571CE1F7214ED008ABE7B /* Release */,
			);
			defaultConfigurationIsVisible = 0;
			defaultConfigurationName = Release;
		};
/* End XCConfigurationList section */

/* Begin XCVersionGroup section */
		42C571C11F7214ED008ABE7B /* Light_App.xcdatamodeld */ = {
			isa = XCVersionGroup;
			children = (
				42C571C21F7214ED008ABE7B /* Light_App.xcdatamodel */,
			);
			currentVersion = 42C571C21F7214ED008ABE7B /* Light_App.xcdatamodel */;
			path = Light_App.xcdatamodeld;
			sourceTree = "<group>";
			versionGroupType = wrapper.xcdatamodel;
		};
/* End XCVersionGroup section */
	};
	rootObject = 42C571AF1F7214ED008ABE7B /* Project object */;
}
